hash: ee2de935e70f2a39cbfd2dd16add0736c698b32f5c02409d0c25844d883c91a1
updated: 2016-08-22T22:55:07.279113421-03:00
imports:
- name: github.com/golang/glog
  version: 23def4e6c14b4da8ac2ed8007337bc5eb5007998
- name: github.com/gorilla/websocket
  version: a69d25be2fe2923a97c2af6849b2f52426f68fc0
- name: github.com/pressly/chi
  version: 12aad88c7d86de2affe686f855b6ed94a07cba9c
  subpackages:
  - middleware
testImports: []
