hash: bfb508bdf4f85c71c7eef4bb9431148ee373dfaf31d001d050d933f80ac4288e
updated: 2016-08-09T22:49:29.988191345-03:00
imports:
- name: github.com/golang/glog
  version: 23def4e6c14b4da8ac2ed8007337bc5eb5007998
- name: github.com/gorilla/context
  version: aed02d124ae4a0e94fea4541c8effd05bf0c8296
- name: github.com/gorilla/mux
  version: 780415097119f6f61c55475fe59b66f3c3e9ea53
- name: github.com/gorilla/websocket
  version: a69d25be2fe2923a97c2af6849b2f52426f68fc0
- name: github.com/pusher/pusher-http-go
  version: 2bba5f217f6f0f4f0c0a9bb11b945b206b32bec5
testImports: []
